
Microsoft Visual Studio Solution File, Format Version 12.00
# Visual Studio Version 17
VisualStudioVersion = 17.12.35527.113
MinimumVisualStudioVersion = 10.0.40219.1
Project("{FAE04EC0-301F-11D3-BF4B-00C04F79EFBC}") = "Zeiterfassung", "Zeiterfassung\Zeiterfassung.csproj", "{40423C97-7907-4251-8296-3BCD7211BBA8}"
	ProjectSection(ProjectDependencies) = postProject
		{728580D5-A874-4EF0-9897-B6B3F8B97CCC} = {728580D5-A874-4EF0-9897-B6B3F8B97CCC}
	EndProjectSection
EndProject
Project("{FAE04EC0-301F-11D3-BF4B-00C04F79EFBC}") = "DTSAG.Common.RestClient", "DTSAG.Common.RestClient\DTSAG.Common.RestClient.csproj", "{728580D5-A874-4EF0-9897-B6B3F8B97CCC}"
EndProject
Global
	GlobalSection(SolutionConfigurationPlatforms) = preSolution
		Debug|Any CPU = Debug|Any CPU
		Release|Any CPU = Release|Any CPU
	EndGlobalSection
	GlobalSection(ProjectConfigurationPlatforms) = postSolution
		{40423C97-7907-4251-8296-3BCD7211BBA8}.Debug|Any CPU.ActiveCfg = Debug|Any CPU
		{40423C97-7907-4251-8296-3BCD7211BBA8}.Debug|Any CPU.Build.0 = Debug|Any CPU
		{40423C97-7907-4251-8296-3BCD7211BBA8}.Release|Any CPU.ActiveCfg = Release|Any CPU
		{40423C97-7907-4251-8296-3BCD7211BBA8}.Release|Any CPU.Build.0 = Release|Any CPU
		{728580D5-A874-4EF0-9897-B6B3F8B97CCC}.Debug|Any CPU.ActiveCfg = Debug|Any CPU
		{728580D5-A874-4EF0-9897-B6B3F8B97CCC}.Debug|Any CPU.Build.0 = Debug|Any CPU
		{728580D5-A874-4EF0-9897-B6B3F8B97CCC}.Release|Any CPU.ActiveCfg = Release|Any CPU
		{728580D5-A874-4EF0-9897-B6B3F8B97CCC}.Release|Any CPU.Build.0 = Release|Any CPU
	EndGlobalSection
	GlobalSection(SolutionProperties) = preSolution
		HideSolutionNode = FALSE
	EndGlobalSection
EndGlobal
